
Microsoft Visual Studio Solution File, Format Version 12.00
# Visual Studio 15
VisualStudioVersion = 15.0.27130.2027
MinimumVisualStudioVersion = 10.0.40219.1
Project("{F2A71F9B-5D33-465A-A702-920D77279786}") = "GoatDefense.Core", "GoatDefense.Core\GoatDefense.Core.fsproj", "{9173E1EA-3AB2-49AC-8B5F-9233F0CC9DAE}"
EndProject
Global
	GlobalSection(SolutionConfigurationPlatforms) = preSolution
		Debug|Any CPU = Debug|Any CPU
		Release|Any CPU = Release|Any CPU
	EndGlobalSection
	GlobalSection(ProjectConfigurationPlatforms) = postSolution
		{9173E1EA-3AB2-49AC-8B5F-9233F0CC9DAE}.Debug|Any CPU.ActiveCfg = Debug|Any CPU
		{9173E1EA-3AB2-49AC-8B5F-9233F0CC9DAE}.Debug|Any CPU.Build.0 = Debug|Any CPU
		{9173E1EA-3AB2-49AC-8B5F-9233F0CC9DAE}.Release|Any CPU.ActiveCfg = Release|Any CPU
		{9173E1EA-3AB2-49AC-8B5F-9233F0CC9DAE}.Release|Any CPU.Build.0 = Release|Any CPU
	EndGlobalSection
	GlobalSection(SolutionProperties) = preSolution
		HideSolutionNode = FALSE
	EndGlobalSection
	GlobalSection(ExtensibilityGlobals) = postSolution
		SolutionGuid = {273A6954-33BA-44D1-8995-1C2211C1C54E}
	EndGlobalSection
EndGlobal
